// !$*UTF8*$!
{
	archiveVersion = 1;
	classes = {
	};
	objectVersion = 56;
	objects = {

/* Begin PBXBuildFile section */
		93701DE52C7C922C00C020F5 /* SearchBar.swift in Sources */ = {isa = PBXBuildFile; fileRef = 93701DE42C7C922C00C020F5 /* SearchBar.swift */; };
		93701DE72C7C954800C020F5 /* UIApplication+EndEditing.swift in Sources */ = {isa = PBXBuildFile; fileRef = 93701DE62C7C954800C020F5 /* UIApplication+EndEditing.swift */; };
		93701DE92C7DA7AA00C020F5 /* Statistic.swift in Sources */ = {isa = PBXBuildFile; fileRef = 93701DE82C7DA7AA00C020F5 /* Statistic.swift */; };
		93701DEB2C7DA83F00C020F5 /* StatisticCell.swift in Sources */ = {isa = PBXBuildFile; fileRef = 93701DEA2C7DA83F00C020F5 /* StatisticCell.swift */; };
		93701DED2C7DAB8400C020F5 /* StatisticsRow.swift in Sources */ = {isa = PBXBuildFile; fileRef = 93701DEC2C7DAB8400C020F5 /* StatisticsRow.swift */; };
		93701DF22C7DB4D800C020F5 /* PortolioView.swift in Sources */ = {isa = PBXBuildFile; fileRef = 93701DF12C7DB4D800C020F5 /* PortolioView.swift */; };
		93701DF42C7DB7B400C020F5 /* CoinLogo.swift in Sources */ = {isa = PBXBuildFile; fileRef = 93701DF32C7DB7B400C020F5 /* CoinLogo.swift */; };
		93701DF62C7DB8AB00C020F5 /* PortolioViewModel.swift in Sources */ = {isa = PBXBuildFile; fileRef = 93701DF52C7DB8AB00C020F5 /* PortolioViewModel.swift */; };
		93978C182C774E110070F3D4 /* CryptoApp.swift in Sources */ = {isa = PBXBuildFile; fileRef = 93978C172C774E110070F3D4 /* CryptoApp.swift */; };
		93978C1A2C774E110070F3D4 /* ContentView.swift in Sources */ = {isa = PBXBuildFile; fileRef = 93978C192C774E110070F3D4 /* ContentView.swift */; };
		93978C1C2C774E110070F3D4 /* Assets.xcassets in Resources */ = {isa = PBXBuildFile; fileRef = 93978C1B2C774E110070F3D4 /* Assets.xcassets */; };
		93978C1F2C774E110070F3D4 /* Preview Assets.xcassets in Resources */ = {isa = PBXBuildFile; fileRef = 93978C1E2C774E110070F3D4 /* Preview Assets.xcassets */; };
		93978C292C774E110070F3D4 /* crypto_appTests.swift in Sources */ = {isa = PBXBuildFile; fileRef = 93978C282C774E110070F3D4 /* crypto_appTests.swift */; };
		93978C332C774E110070F3D4 /* crypto_appUITests.swift in Sources */ = {isa = PBXBuildFile; fileRef = 93978C322C774E110070F3D4 /* crypto_appUITests.swift */; };
		93978C352C774E110070F3D4 /* crypto_appUITestsLaunchTests.swift in Sources */ = {isa = PBXBuildFile; fileRef = 93978C342C774E110070F3D4 /* crypto_appUITestsLaunchTests.swift */; };
		93E7833D2C77510400684BEC /* HomeView.swift in Sources */ = {isa = PBXBuildFile; fileRef = 93E7833C2C77510400684BEC /* HomeView.swift */; };
		93E7833F2C77510D00684BEC /* HomeViewModel.swift in Sources */ = {isa = PBXBuildFile; fileRef = 93E7833E2C77510D00684BEC /* HomeViewModel.swift */; };
		93E783432C77519F00684BEC /* CircleButton.swift in Sources */ = {isa = PBXBuildFile; fileRef = 93E783422C77519F00684BEC /* CircleButton.swift */; };
		93E783462C77581200684BEC /* CircleButtonAnimation.swift in Sources */ = {isa = PBXBuildFile; fileRef = 93E783452C77581200684BEC /* CircleButtonAnimation.swift */; };
		93E7834D2C782D9300684BEC /* Coin.swift in Sources */ = {isa = PBXBuildFile; fileRef = 93E7834C2C782D9300684BEC /* Coin.swift */; };
		93E783502C78306F00684BEC /* CoinCell.swift in Sources */ = {isa = PBXBuildFile; fileRef = 93E7834F2C78306F00684BEC /* CoinCell.swift */; };
		93E783532C78323200684BEC /* Double+Currency.swift in Sources */ = {isa = PBXBuildFile; fileRef = 93E783522C78323200684BEC /* Double+Currency.swift */; };
		93E783562C78392500684BEC /* Device.swift in Sources */ = {isa = PBXBuildFile; fileRef = 93E783552C78392500684BEC /* Device.swift */; };
		93E783592C78659C00684BEC /* CoinTests.swift in Sources */ = {isa = PBXBuildFile; fileRef = 93E783582C78659C00684BEC /* CoinTests.swift */; };
		93E7835B2C78745B00684BEC /* Rest.swift in Sources */ = {isa = PBXBuildFile; fileRef = 93E7835A2C78745B00684BEC /* Rest.swift */; };
		93E7835E2C78766700684BEC /* GetCoins.swift in Sources */ = {isa = PBXBuildFile; fileRef = 93E7835D2C78766700684BEC /* GetCoins.swift */; };
		93E783602C78796600684BEC /* NetworkManager.swift in Sources */ = {isa = PBXBuildFile; fileRef = 93E7835F2C78796600684BEC /* NetworkManager.swift */; };
		93E783622C787E9000684BEC /* JSONDecorder+JSONEncoder.swift in Sources */ = {isa = PBXBuildFile; fileRef = 93E783612C787E9000684BEC /* JSONDecorder+JSONEncoder.swift */; };
		93E783642C78939D00684BEC /* Encodable+toQueryItems.swift in Sources */ = {isa = PBXBuildFile; fileRef = 93E783632C78939D00684BEC /* Encodable+toQueryItems.swift */; };
		93E783682C78B22C00684BEC /* RemoteImage.swift in Sources */ = {isa = PBXBuildFile; fileRef = 93E783672C78B22C00684BEC /* RemoteImage.swift */; };
/* End PBXBuildFile section */

/* Begin PBXContainerItemProxy section */
		93978C252C774E110070F3D4 /* PBXContainerItemProxy */ = {
			isa = PBXContainerItemProxy;
			containerPortal = 93978C0C2C774E110070F3D4 /* Project object */;
			proxyType = 1;
			remoteGlobalIDString = 93978C132C774E110070F3D4;
			remoteInfo = "crypto-app";
		};
		93978C2F2C774E110070F3D4 /* PBXContainerItemProxy */ = {
			isa = PBXContainerItemProxy;
			containerPortal = 93978C0C2C774E110070F3D4 /* Project object */;
			proxyType = 1;
			remoteGlobalIDString = 93978C132C774E110070F3D4;
			remoteInfo = "crypto-app";
		};
/* End PBXContainerItemProxy section */

/* Begin PBXFileReference section */
		93701DE42C7C922C00C020F5 /* SearchBar.swift */ = {isa = PBXFileReference; lastKnownFileType = sourcecode.swift; path = SearchBar.swift; sourceTree = "<group>"; };
		93701DE62C7C954800C020F5 /* UIApplication+EndEditing.swift */ = {isa = PBXFileReference; lastKnownFileType = sourcecode.swift; path = "UIApplication+EndEditing.swift"; sourceTree = "<group>"; };
		93701DE82C7DA7AA00C020F5 /* Statistic.swift */ = {isa = PBXFileReference; lastKnownFileType = sourcecode.swift; path = Statistic.swift; sourceTree = "<group>"; };
		93701DEA2C7DA83F00C020F5 /* StatisticCell.swift */ = {isa = PBXFileReference; lastKnownFileType = sourcecode.swift; path = StatisticCell.swift; sourceTree = "<group>"; };
		93701DEC2C7DAB8400C020F5 /* StatisticsRow.swift */ = {isa = PBXFileReference; lastKnownFileType = sourcecode.swift; path = StatisticsRow.swift; sourceTree = "<group>"; };
		93701DF12C7DB4D800C020F5 /* PortolioView.swift */ = {isa = PBXFileReference; lastKnownFileType = sourcecode.swift; path = PortolioView.swift; sourceTree = "<group>"; };
		93701DF32C7DB7B400C020F5 /* CoinLogo.swift */ = {isa = PBXFileReference; lastKnownFileType = sourcecode.swift; path = CoinLogo.swift; sourceTree = "<group>"; };
		93701DF52C7DB8AB00C020F5 /* PortolioViewModel.swift */ = {isa = PBXFileReference; lastKnownFileType = sourcecode.swift; path = PortolioViewModel.swift; sourceTree = "<group>"; };
		93978C142C774E110070F3D4 /* crypto-app.app */ = {isa = PBXFileReference; explicitFileType = wrapper.application; includeInIndex = 0; path = "crypto-app.app"; sourceTree = BUILT_PRODUCTS_DIR; };
		93978C172C774E110070F3D4 /* CryptoApp.swift */ = {isa = PBXFileReference; lastKnownFileType = sourcecode.swift; path = CryptoApp.swift; sourceTree = "<group>"; };
		93978C192C774E110070F3D4 /* ContentView.swift */ = {isa = PBXFileReference; lastKnownFileType = sourcecode.swift; path = ContentView.swift; sourceTree = "<group>"; };
		93978C1B2C774E110070F3D4 /* Assets.xcassets */ = {isa = PBXFileReference; lastKnownFileType = folder.assetcatalog; path = Assets.xcassets; sourceTree = "<group>"; };
		93978C1E2C774E110070F3D4 /* Preview Assets.xcassets */ = {isa = PBXFileReference; lastKnownFileType = folder.assetcatalog; path = "Preview Assets.xcassets"; sourceTree = "<group>"; };
		93978C242C774E110070F3D4 /* crypto-appTests.xctest */ = {isa = PBXFileReference; explicitFileType = wrapper.cfbundle; includeInIndex = 0; path = "crypto-appTests.xctest"; sourceTree = BUILT_PRODUCTS_DIR; };
		93978C282C774E110070F3D4 /* crypto_appTests.swift */ = {isa = PBXFileReference; lastKnownFileType = sourcecode.swift; path = crypto_appTests.swift; sourceTree = "<group>"; };
		93978C2E2C774E110070F3D4 /* crypto-appUITests.xctest */ = {isa = PBXFileReference; explicitFileType = wrapper.cfbundle; includeInIndex = 0; path = "crypto-appUITests.xctest"; sourceTree = BUILT_PRODUCTS_DIR; };
		93978C322C774E110070F3D4 /* crypto_appUITests.swift */ = {isa = PBXFileReference; lastKnownFileType = sourcecode.swift; path = crypto_appUITests.swift; sourceTree = "<group>"; };
		93978C342C774E110070F3D4 /* crypto_appUITestsLaunchTests.swift */ = {isa = PBXFileReference; lastKnownFileType = sourcecode.swift; path = crypto_appUITestsLaunchTests.swift; sourceTree = "<group>"; };
		93E7833C2C77510400684BEC /* HomeView.swift */ = {isa = PBXFileReference; lastKnownFileType = sourcecode.swift; path = HomeView.swift; sourceTree = "<group>"; };
		93E7833E2C77510D00684BEC /* HomeViewModel.swift */ = {isa = PBXFileReference; lastKnownFileType = sourcecode.swift; path = HomeViewModel.swift; sourceTree = "<group>"; };
		93E783422C77519F00684BEC /* CircleButton.swift */ = {isa = PBXFileReference; lastKnownFileType = sourcecode.swift; path = CircleButton.swift; sourceTree = "<group>"; };
		93E783452C77581200684BEC /* CircleButtonAnimation.swift */ = {isa = PBXFileReference; lastKnownFileType = sourcecode.swift; path = CircleButtonAnimation.swift; sourceTree = "<group>"; };
		93E7834C2C782D9300684BEC /* Coin.swift */ = {isa = PBXFileReference; fileEncoding = 4; lastKnownFileType = sourcecode.swift; path = Coin.swift; sourceTree = "<group>"; };
		93E7834F2C78306F00684BEC /* CoinCell.swift */ = {isa = PBXFileReference; lastKnownFileType = sourcecode.swift; path = CoinCell.swift; sourceTree = "<group>"; };
		93E783522C78323200684BEC /* Double+Currency.swift */ = {isa = PBXFileReference; lastKnownFileType = sourcecode.swift; path = "Double+Currency.swift"; sourceTree = "<group>"; };
		93E783552C78392500684BEC /* Device.swift */ = {isa = PBXFileReference; lastKnownFileType = sourcecode.swift; path = Device.swift; sourceTree = "<group>"; };
		93E783582C78659C00684BEC /* CoinTests.swift */ = {isa = PBXFileReference; lastKnownFileType = sourcecode.swift; path = CoinTests.swift; sourceTree = "<group>"; };
		93E7835A2C78745B00684BEC /* Rest.swift */ = {isa = PBXFileReference; lastKnownFileType = sourcecode.swift; path = Rest.swift; sourceTree = "<group>"; };
		93E7835D2C78766700684BEC /* GetCoins.swift */ = {isa = PBXFileReference; lastKnownFileType = sourcecode.swift; path = GetCoins.swift; sourceTree = "<group>"; };
		93E7835F2C78796600684BEC /* NetworkManager.swift */ = {isa = PBXFileReference; lastKnownFileType = sourcecode.swift; path = NetworkManager.swift; sourceTree = "<group>"; };
		93E783612C787E9000684BEC /* JSONDecorder+JSONEncoder.swift */ = {isa = PBXFileReference; lastKnownFileType = sourcecode.swift; path = "JSONDecorder+JSONEncoder.swift"; sourceTree = "<group>"; };
		93E783632C78939D00684BEC /* Encodable+toQueryItems.swift */ = {isa = PBXFileReference; lastKnownFileType = sourcecode.swift; path = "Encodable+toQueryItems.swift"; sourceTree = "<group>"; };
		93E783672C78B22C00684BEC /* RemoteImage.swift */ = {isa = PBXFileReference; lastKnownFileType = sourcecode.swift; path = RemoteImage.swift; sourceTree = "<group>"; };
/* End PBXFileReference section */

/* Begin PBXFrameworksBuildPhase section */
		93978C112C774E110070F3D4 /* Frameworks */ = {
			isa = PBXFrameworksBuildPhase;
			buildActionMask = 2147483647;
			files = (
			);
			runOnlyForDeploymentPostprocessing = 0;
		};
		93978C212C774E110070F3D4 /* Frameworks */ = {
			isa = PBXFrameworksBuildPhase;
			buildActionMask = 2147483647;
			files = (
			);
			runOnlyForDeploymentPostprocessing = 0;
		};
		93978C2B2C774E110070F3D4 /* Frameworks */ = {
			isa = PBXFrameworksBuildPhase;
			buildActionMask = 2147483647;
			files = (
			);
			runOnlyForDeploymentPostprocessing = 0;
		};
/* End PBXFrameworksBuildPhase section */

/* Begin PBXGroup section */
		93701DF02C7DB4C100C020F5 /* Portolio */ = {
			isa = PBXGroup;
			children = (
				93701DF12C7DB4D800C020F5 /* PortolioView.swift */,
				93701DF52C7DB8AB00C020F5 /* PortolioViewModel.swift */,
			);
			path = Portolio;
			sourceTree = "<group>";
		};
		93978C0B2C774E110070F3D4 = {
			isa = PBXGroup;
			children = (
				93978C162C774E110070F3D4 /* crypto-app */,
				93978C272C774E110070F3D4 /* crypto-appTests */,
				93978C312C774E110070F3D4 /* crypto-appUITests */,
				93978C152C774E110070F3D4 /* Products */,
			);
			sourceTree = "<group>";
		};
		93978C152C774E110070F3D4 /* Products */ = {
			isa = PBXGroup;
			children = (
				93978C142C774E110070F3D4 /* crypto-app.app */,
				93978C242C774E110070F3D4 /* crypto-appTests.xctest */,
				93978C2E2C774E110070F3D4 /* crypto-appUITests.xctest */,
			);
			name = Products;
			sourceTree = "<group>";
		};
		93978C162C774E110070F3D4 /* crypto-app */ = {
			isa = PBXGroup;
			children = (
				93978C192C774E110070F3D4 /* ContentView.swift */,
				93978C172C774E110070F3D4 /* CryptoApp.swift */,
				93978C1B2C774E110070F3D4 /* Assets.xcassets */,
				93E783512C78322400684BEC /* Extensions */,
				93E783472C7828EA00684BEC /* Models */,
				93978C1D2C774E110070F3D4 /* Preview Content */,
				93E7833A2C7750F300684BEC /* Screens */,
				93E783542C7837FF00684BEC /* Services */,
				93E783402C77518D00684BEC /* Views */,
			);
			path = "crypto-app";
			sourceTree = "<group>";
		};
		93978C1D2C774E110070F3D4 /* Preview Content */ = {
			isa = PBXGroup;
			children = (
				93978C1E2C774E110070F3D4 /* Preview Assets.xcassets */,
			);
			path = "Preview Content";
			sourceTree = "<group>";
		};
		93978C272C774E110070F3D4 /* crypto-appTests */ = {
			isa = PBXGroup;
			children = (
				93978C282C774E110070F3D4 /* crypto_appTests.swift */,
				93E783572C78657F00684BEC /* Models */,
			);
			path = "crypto-appTests";
			sourceTree = "<group>";
		};
		93978C312C774E110070F3D4 /* crypto-appUITests */ = {
			isa = PBXGroup;
			children = (
				93978C322C774E110070F3D4 /* crypto_appUITests.swift */,
				93978C342C774E110070F3D4 /* crypto_appUITestsLaunchTests.swift */,
			);
			path = "crypto-appUITests";
			sourceTree = "<group>";
		};
		93E7833A2C7750F300684BEC /* Screens */ = {
			isa = PBXGroup;
			children = (
				93701DF02C7DB4C100C020F5 /* Portolio */,
				93E7833B2C7750F900684BEC /* Home */,
			);
			path = Screens;
			sourceTree = "<group>";
		};
		93E7833B2C7750F900684BEC /* Home */ = {
			isa = PBXGroup;
			children = (
				93E7833C2C77510400684BEC /* HomeView.swift */,
				93E7833E2C77510D00684BEC /* HomeViewModel.swift */,
			);
			path = Home;
			sourceTree = "<group>";
		};
		93E783402C77518D00684BEC /* Views */ = {
			isa = PBXGroup;
			children = (
				93E783672C78B22C00684BEC /* RemoteImage.swift */,
				93701DE42C7C922C00C020F5 /* SearchBar.swift */,
				93701DEC2C7DAB8400C020F5 /* StatisticsRow.swift */,
				93E783412C77519300684BEC /* Buttons */,
				93E7834E2C78305D00684BEC /* Cells */,
			);
			path = Views;
			sourceTree = "<group>";
		};
		93E783412C77519300684BEC /* Buttons */ = {
			isa = PBXGroup;
			children = (
				93E783442C7757BE00684BEC /* CircleButton */,
			);
			path = Buttons;
			sourceTree = "<group>";
		};
		93E783442C7757BE00684BEC /* CircleButton */ = {
			isa = PBXGroup;
			children = (
				93E783422C77519F00684BEC /* CircleButton.swift */,
				93E783452C77581200684BEC /* CircleButtonAnimation.swift */,
			);
			path = CircleButton;
			sourceTree = "<group>";
		};
		93E783472C7828EA00684BEC /* Models */ = {
			isa = PBXGroup;
			children = (
				93E7834C2C782D9300684BEC /* Coin.swift */,
				93E7835A2C78745B00684BEC /* Rest.swift */,
				93701DE82C7DA7AA00C020F5 /* Statistic.swift */,
				93E7835C2C78765400684BEC /* APIs */,
			);
			path = Models;
			sourceTree = "<group>";
		};
		93E7834E2C78305D00684BEC /* Cells */ = {
			isa = PBXGroup;
			children = (
				93E7834F2C78306F00684BEC /* CoinCell.swift */,
				93701DEA2C7DA83F00C020F5 /* StatisticCell.swift */,
				93701DF32C7DB7B400C020F5 /* CoinLogo.swift */,
			);
			path = Cells;
			sourceTree = "<group>";
		};
		93E783512C78322400684BEC /* Extensions */ = {
			isa = PBXGroup;
			children = (
				93E783522C78323200684BEC /* Double+Currency.swift */,
				93E783612C787E9000684BEC /* JSONDecorder+JSONEncoder.swift */,
				93E783632C78939D00684BEC /* Encodable+toQueryItems.swift */,
				93701DE62C7C954800C020F5 /* UIApplication+EndEditing.swift */,
			);
			path = Extensions;
			sourceTree = "<group>";
		};
		93E783542C7837FF00684BEC /* Services */ = {
			isa = PBXGroup;
			children = (
				93E783552C78392500684BEC /* Device.swift */,
				93E7835F2C78796600684BEC /* NetworkManager.swift */,
			);
			path = Services;
			sourceTree = "<group>";
		};
		93E783572C78657F00684BEC /* Models */ = {
			isa = PBXGroup;
			children = (
				93E783582C78659C00684BEC /* CoinTests.swift */,
			);
			path = Models;
			sourceTree = "<group>";
		};
		93E7835C2C78765400684BEC /* APIs */ = {
			isa = PBXGroup;
			children = (
				93E7835D2C78766700684BEC /* GetCoins.swift */,
			);
			path = APIs;
			sourceTree = "<group>";
		};
/* End PBXGroup section */

/* Begin PBXNativeTarget section */
		93978C132C774E110070F3D4 /* crypto-app */ = {
			isa = PBXNativeTarget;
			buildConfigurationList = 93978C382C774E110070F3D4 /* Build configuration list for PBXNativeTarget "crypto-app" */;
			buildPhases = (
				93978C102C774E110070F3D4 /* Sources */,
				93978C112C774E110070F3D4 /* Frameworks */,
				93978C122C774E110070F3D4 /* Resources */,
			);
			buildRules = (
			);
			dependencies = (
			);
			name = "crypto-app";
			productName = "crypto-app";
			productReference = 93978C142C774E110070F3D4 /* crypto-app.app */;
			productType = "com.apple.product-type.application";
		};
		93978C232C774E110070F3D4 /* crypto-appTests */ = {
			isa = PBXNativeTarget;
			buildConfigurationList = 93978C3B2C774E110070F3D4 /* Build configuration list for PBXNativeTarget "crypto-appTests" */;
			buildPhases = (
				93978C202C774E110070F3D4 /* Sources */,
				93978C212C774E110070F3D4 /* Frameworks */,
				93978C222C774E110070F3D4 /* Resources */,
			);
			buildRules = (
			);
			dependencies = (
				93978C262C774E110070F3D4 /* PBXTargetDependency */,
			);
			name = "crypto-appTests";
			productName = "crypto-appTests";
			productReference = 93978C242C774E110070F3D4 /* crypto-appTests.xctest */;
			productType = "com.apple.product-type.bundle.unit-test";
		};
		93978C2D2C774E110070F3D4 /* crypto-appUITests */ = {
			isa = PBXNativeTarget;
			buildConfigurationList = 93978C3E2C774E110070F3D4 /* Build configuration list for PBXNativeTarget "crypto-appUITests" */;
			buildPhases = (
				93978C2A2C774E110070F3D4 /* Sources */,
				93978C2B2C774E110070F3D4 /* Frameworks */,
				93978C2C2C774E110070F3D4 /* Resources */,
			);
			buildRules = (
			);
			dependencies = (
				93978C302C774E110070F3D4 /* PBXTargetDependency */,
			);
			name = "crypto-appUITests";
			productName = "crypto-appUITests";
			productReference = 93978C2E2C774E110070F3D4 /* crypto-appUITests.xctest */;
			productType = "com.apple.product-type.bundle.ui-testing";
		};
/* End PBXNativeTarget section */

/* Begin PBXProject section */
		93978C0C2C774E110070F3D4 /* Project object */ = {
			isa = PBXProject;
			attributes = {
				BuildIndependentTargetsInParallel = 1;
				LastSwiftUpdateCheck = 1540;
				LastUpgradeCheck = 1540;
				TargetAttributes = {
					93978C132C774E110070F3D4 = {
						CreatedOnToolsVersion = 15.4;
					};
					93978C232C774E110070F3D4 = {
						CreatedOnToolsVersion = 15.4;
						TestTargetID = 93978C132C774E110070F3D4;
					};
					93978C2D2C774E110070F3D4 = {
						CreatedOnToolsVersion = 15.4;
						TestTargetID = 93978C132C774E110070F3D4;
					};
				};
			};
			buildConfigurationList = 93978C0F2C774E110070F3D4 /* Build configuration list for PBXProject "crypto-app" */;
			compatibilityVersion = "Xcode 14.0";
			developmentRegion = en;
			hasScannedForEncodings = 0;
			knownRegions = (
				en,
				Base,
			);
			mainGroup = 93978C0B2C774E110070F3D4;
			productRefGroup = 93978C152C774E110070F3D4 /* Products */;
			projectDirPath = "";
			projectRoot = "";
			targets = (
				93978C132C774E110070F3D4 /* crypto-app */,
				93978C232C774E110070F3D4 /* crypto-appTests */,
				93978C2D2C774E110070F3D4 /* crypto-appUITests */,
			);
		};
/* End PBXProject section */

/* Begin PBXResourcesBuildPhase section */
		93978C122C774E110070F3D4 /* Resources */ = {
			isa = PBXResourcesBuildPhase;
			buildActionMask = 2147483647;
			files = (
				93978C1F2C774E110070F3D4 /* Preview Assets.xcassets in Resources */,
				93978C1C2C774E110070F3D4 /* Assets.xcassets in Resources */,
			);
			runOnlyForDeploymentPostprocessing = 0;
		};
		93978C222C774E110070F3D4 /* Resources */ = {
			isa = PBXResourcesBuildPhase;
			buildActionMask = 2147483647;
			files = (
			);
			runOnlyForDeploymentPostprocessing = 0;
		};
		93978C2C2C774E110070F3D4 /* Resources */ = {
			isa = PBXResourcesBuildPhase;
			buildActionMask = 2147483647;
			files = (
			);
			runOnlyForDeploymentPostprocessing = 0;
		};
/* End PBXResourcesBuildPhase section */

/* Begin PBXSourcesBuildPhase section */
		93978C102C774E110070F3D4 /* Sources */ = {
			isa = PBXSourcesBuildPhase;
			buildActionMask = 2147483647;
			files = (
				93E783432C77519F00684BEC /* CircleButton.swift in Sources */,
				93E783642C78939D00684BEC /* Encodable+toQueryItems.swift in Sources */,
				93E7833D2C77510400684BEC /* HomeView.swift in Sources */,
				93E783622C787E9000684BEC /* JSONDecorder+JSONEncoder.swift in Sources */,
				93E783502C78306F00684BEC /* CoinCell.swift in Sources */,
				93701DEB2C7DA83F00C020F5 /* StatisticCell.swift in Sources */,
				93701DF62C7DB8AB00C020F5 /* PortolioViewModel.swift in Sources */,
				93701DE92C7DA7AA00C020F5 /* Statistic.swift in Sources */,
				93701DE72C7C954800C020F5 /* UIApplication+EndEditing.swift in Sources */,
				93701DF42C7DB7B400C020F5 /* CoinLogo.swift in Sources */,
				93E783602C78796600684BEC /* NetworkManager.swift in Sources */,
				93701DED2C7DAB8400C020F5 /* StatisticsRow.swift in Sources */,
				93E783532C78323200684BEC /* Double+Currency.swift in Sources */,
				93978C1A2C774E110070F3D4 /* ContentView.swift in Sources */,
				93E7835E2C78766700684BEC /* GetCoins.swift in Sources */,
				93978C182C774E110070F3D4 /* CryptoApp.swift in Sources */,
				93E7835B2C78745B00684BEC /* Rest.swift in Sources */,
				93E783682C78B22C00684BEC /* RemoteImage.swift in Sources */,
				93701DF22C7DB4D800C020F5 /* PortolioView.swift in Sources */,
				93E783462C77581200684BEC /* CircleButtonAnimation.swift in Sources */,
				93E7833F2C77510D00684BEC /* HomeViewModel.swift in Sources */,
				93E7834D2C782D9300684BEC /* Coin.swift in Sources */,
				93701DE52C7C922C00C020F5 /* SearchBar.swift in Sources */,
				93E783562C78392500684BEC /* Device.swift in Sources */,
			);
			runOnlyForDeploymentPostprocessing = 0;
		};
		93978C202C774E110070F3D4 /* Sources */ = {
			isa = PBXSourcesBuildPhase;
			buildActionMask = 2147483647;
			files = (
				93E783592C78659C00684BEC /* CoinTests.swift in Sources */,
				93978C292C774E110070F3D4 /* crypto_appTests.swift in Sources */,
			);
			runOnlyForDeploymentPostprocessing = 0;
		};
		93978C2A2C774E110070F3D4 /* Sources */ = {
			isa = PBXSourcesBuildPhase;
			buildActionMask = 2147483647;
			files = (
				93978C332C774E110070F3D4 /* crypto_appUITests.swift in Sources */,
				93978C352C774E110070F3D4 /* crypto_appUITestsLaunchTests.swift in Sources */,
			);
			runOnlyForDeploymentPostprocessing = 0;
		};
/* End PBXSourcesBuildPhase section */

/* Begin PBXTargetDependency section */
		93978C262C774E110070F3D4 /* PBXTargetDependency */ = {
			isa = PBXTargetDependency;
			target = 93978C132C774E110070F3D4 /* crypto-app */;
			targetProxy = 93978C252C774E110070F3D4 /* PBXContainerItemProxy */;
		};
		93978C302C774E110070F3D4 /* PBXTargetDependency */ = {
			isa = PBXTargetDependency;
			target = 93978C132C774E110070F3D4 /* crypto-app */;
			targetProxy = 93978C2F2C774E110070F3D4 /* PBXContainerItemProxy */;
		};
/* End PBXTargetDependency section */

/* Begin XCBuildConfiguration section */
		93978C362C774E110070F3D4 /* Debug */ = {
			isa = XCBuildConfiguration;
			buildSettings = {
				ALWAYS_SEARCH_USER_PATHS = NO;
				ASSETCATALOG_COMPILER_GENERATE_SWIFT_ASSET_SYMBOL_EXTENSIONS = YES;
				CLANG_ANALYZER_NONNULL = YES;
				CLANG_ANALYZER_NUMBER_OBJECT_CONVERSION = YES_AGGRESSIVE;
				CLANG_CXX_LANGUAGE_STANDARD = "gnu++20";
				CLANG_ENABLE_MODULES = YES;
				CLANG_ENABLE_OBJC_ARC = YES;
				CLANG_ENABLE_OBJC_WEAK = YES;
				CLANG_WARN_BLOCK_CAPTURE_AUTORELEASING = YES;
				CLANG_WARN_BOOL_CONVERSION = YES;
				CLANG_WARN_COMMA = YES;
				CLANG_WARN_CONSTANT_CONVERSION = YES;
				CLANG_WARN_DEPRECATED_OBJC_IMPLEMENTATIONS = YES;
				CLANG_WARN_DIRECT_OBJC_ISA_USAGE = YES_ERROR;
				CLANG_WARN_DOCUMENTATION_COMMENTS = YES;
				CLANG_WARN_EMPTY_BODY = YES;
				CLANG_WARN_ENUM_CONVERSION = YES;
				CLANG_WARN_INFINITE_RECURSION = YES;
				CLANG_WARN_INT_CONVERSION = YES;
				CLANG_WARN_NON_LITERAL_NULL_CONVERSION = YES;
				CLANG_WARN_OBJC_IMPLICIT_RETAIN_SELF = YES;
				CLANG_WARN_OBJC_LITERAL_CONVERSION = YES;
				CLANG_WARN_OBJC_ROOT_CLASS = YES_ERROR;
				CLANG_WARN_QUOTED_INCLUDE_IN_FRAMEWORK_HEADER = YES;
				CLANG_WARN_RANGE_LOOP_ANALYSIS = YES;
				CLANG_WARN_STRICT_PROTOTYPES = YES;
				CLANG_WARN_SUSPICIOUS_MOVE = YES;
				CLANG_WARN_UNGUARDED_AVAILABILITY = YES_AGGRESSIVE;
				CLANG_WARN_UNREACHABLE_CODE = YES;
				CLANG_WARN__DUPLICATE_METHOD_MATCH = YES;
				COPY_PHASE_STRIP = NO;
				DEBUG_INFORMATION_FORMAT = dwarf;
				ENABLE_STRICT_OBJC_MSGSEND = YES;
				ENABLE_TESTABILITY = YES;
				ENABLE_USER_SCRIPT_SANDBOXING = YES;
				GCC_C_LANGUAGE_STANDARD = gnu17;
				GCC_DYNAMIC_NO_PIC = NO;
				GCC_NO_COMMON_BLOCKS = YES;
				GCC_OPTIMIZATION_LEVEL = 0;
				GCC_PREPROCESSOR_DEFINITIONS = (
					"DEBUG=1",
					"$(inherited)",
				);
				GCC_WARN_64_TO_32_BIT_CONVERSION = YES;
				GCC_WARN_ABOUT_RETURN_TYPE = YES_ERROR;
				GCC_WARN_UNDECLARED_SELECTOR = YES;
				GCC_WARN_UNINITIALIZED_AUTOS = YES_AGGRESSIVE;
				GCC_WARN_UNUSED_FUNCTION = YES;
				GCC_WARN_UNUSED_VARIABLE = YES;
				IPHONEOS_DEPLOYMENT_TARGET = 17.5;
				LOCALIZATION_PREFERS_STRING_CATALOGS = YES;
				MTL_ENABLE_DEBUG_INFO = INCLUDE_SOURCE;
				MTL_FAST_MATH = YES;
				ONLY_ACTIVE_ARCH = YES;
				SDKROOT = iphoneos;
				SWIFT_ACTIVE_COMPILATION_CONDITIONS = "DEBUG $(inherited)";
				SWIFT_OPTIMIZATION_LEVEL = "-Onone";
			};
			name = Debug;
		};
		93978C372C774E110070F3D4 /* Release */ = {
			isa = XCBuildConfiguration;
			buildSettings = {
				ALWAYS_SEARCH_USER_PATHS = NO;
				ASSETCATALOG_COMPILER_GENERATE_SWIFT_ASSET_SYMBOL_EXTENSIONS = YES;
				CLANG_ANALYZER_NONNULL = YES;
				CLANG_ANALYZER_NUMBER_OBJECT_CONVERSION = YES_AGGRESSIVE;
				CLANG_CXX_LANGUAGE_STANDARD = "gnu++20";
				CLANG_ENABLE_MODULES = YES;
				CLANG_ENABLE_OBJC_ARC = YES;
				CLANG_ENABLE_OBJC_WEAK = YES;
				CLANG_WARN_BLOCK_CAPTURE_AUTORELEASING = YES;
				CLANG_WARN_BOOL_CONVERSION = YES;
				CLANG_WARN_COMMA = YES;
				CLANG_WARN_CONSTANT_CONVERSION = YES;
				CLANG_WARN_DEPRECATED_OBJC_IMPLEMENTATIONS = YES;
				CLANG_WARN_DIRECT_OBJC_ISA_USAGE = YES_ERROR;
				CLANG_WARN_DOCUMENTATION_COMMENTS = YES;
				CLANG_WARN_EMPTY_BODY = YES;
				CLANG_WARN_ENUM_CONVERSION = YES;
				CLANG_WARN_INFINITE_RECURSION = YES;
				CLANG_WARN_INT_CONVERSION = YES;
				CLANG_WARN_NON_LITERAL_NULL_CONVERSION = YES;
				CLANG_WARN_OBJC_IMPLICIT_RETAIN_SELF = YES;
				CLANG_WARN_OBJC_LITERAL_CONVERSION = YES;
				CLANG_WARN_OBJC_ROOT_CLASS = YES_ERROR;
				CLANG_WARN_QUOTED_INCLUDE_IN_FRAMEWORK_HEADER = YES;
				CLANG_WARN_RANGE_LOOP_ANALYSIS = YES;
				CLANG_WARN_STRICT_PROTOTYPES = YES;
				CLANG_WARN_SUSPICIOUS_MOVE = YES;
				CLANG_WARN_UNGUARDED_AVAILABILITY = YES_AGGRESSIVE;
				CLANG_WARN_UNREACHABLE_CODE = YES;
				CLANG_WARN__DUPLICATE_METHOD_MATCH = YES;
				COPY_PHASE_STRIP = NO;
				DEBUG_INFORMATION_FORMAT = "dwarf-with-dsym";
				ENABLE_NS_ASSERTIONS = NO;
				ENABLE_STRICT_OBJC_MSGSEND = YES;
				ENABLE_USER_SCRIPT_SANDBOXING = YES;
				GCC_C_LANGUAGE_STANDARD = gnu17;
				GCC_NO_COMMON_BLOCKS = YES;
				GCC_WARN_64_TO_32_BIT_CONVERSION = YES;
				GCC_WARN_ABOUT_RETURN_TYPE = YES_ERROR;
				GCC_WARN_UNDECLARED_SELECTOR = YES;
				GCC_WARN_UNINITIALIZED_AUTOS = YES_AGGRESSIVE;
				GCC_WARN_UNUSED_FUNCTION = YES;
				GCC_WARN_UNUSED_VARIABLE = YES;
				IPHONEOS_DEPLOYMENT_TARGET = 17.5;
				LOCALIZATION_PREFERS_STRING_CATALOGS = YES;
				MTL_ENABLE_DEBUG_INFO = NO;
				MTL_FAST_MATH = YES;
				SDKROOT = iphoneos;
				SWIFT_COMPILATION_MODE = wholemodule;
				VALIDATE_PRODUCT = YES;
			};
			name = Release;
		};
		93978C392C774E110070F3D4 /* Debug */ = {
			isa = XCBuildConfiguration;
			buildSettings = {
				ASSETCATALOG_COMPILER_APPICON_NAME = AppIcon;
				ASSETCATALOG_COMPILER_GLOBAL_ACCENT_COLOR_NAME = AccentColor;
				CODE_SIGN_STYLE = Automatic;
				CURRENT_PROJECT_VERSION = 1;
				DEVELOPMENT_ASSET_PATHS = "\"crypto-app/Preview Content\"";
				DEVELOPMENT_TEAM = 62AMN3F46R;
				ENABLE_PREVIEWS = YES;
				GENERATE_INFOPLIST_FILE = YES;
				INFOPLIST_KEY_UIApplicationSceneManifest_Generation = YES;
				INFOPLIST_KEY_UIApplicationSupportsIndirectInputEvents = YES;
				INFOPLIST_KEY_UILaunchScreen_Generation = YES;
				INFOPLIST_KEY_UISupportedInterfaceOrientations_iPad = "UIInterfaceOrientationPortrait UIInterfaceOrientationPortraitUpsideDown UIInterfaceOrientationLandscapeLeft UIInterfaceOrientationLandscapeRight";
				INFOPLIST_KEY_UISupportedInterfaceOrientations_iPhone = "UIInterfaceOrientationPortrait UIInterfaceOrientationLandscapeLeft UIInterfaceOrientationLandscapeRight";
				LD_RUNPATH_SEARCH_PATHS = (
					"$(inherited)",
					"@executable_path/Frameworks",
				);
				MARKETING_VERSION = 1.0;
				PRODUCT_BUNDLE_IDENTIFIER = "aaron.huang.crypto-app";
				PRODUCT_NAME = "$(TARGET_NAME)";
				SWIFT_EMIT_LOC_STRINGS = YES;
				SWIFT_VERSION = 5.0;
				TARGETED_DEVICE_FAMILY = "1,2";
			};
			name = Debug;
		};
		93978C3A2C774E110070F3D4 /* Release */ = {
			isa = XCBuildConfiguration;
			buildSettings = {
				ASSETCATALOG_COMPILER_APPICON_NAME = AppIcon;
				ASSETCATALOG_COMPILER_GLOBAL_ACCENT_COLOR_NAME = AccentColor;
				CODE_SIGN_STYLE = Automatic;
				CURRENT_PROJECT_VERSION = 1;
				DEVELOPMENT_ASSET_PATHS = "\"crypto-app/Preview Content\"";
				DEVELOPMENT_TEAM = 62AMN3F46R;
				ENABLE_PREVIEWS = YES;
				GENERATE_INFOPLIST_FILE = YES;
				INFOPLIST_KEY_UIApplicationSceneManifest_Generation = YES;
				INFOPLIST_KEY_UIApplicationSupportsIndirectInputEvents = YES;
				INFOPLIST_KEY_UILaunchScreen_Generation = YES;
				INFOPLIST_KEY_UISupportedInterfaceOrientations_iPad = "UIInterfaceOrientationPortrait UIInterfaceOrientationPortraitUpsideDown UIInterfaceOrientationLandscapeLeft UIInterfaceOrientationLandscapeRight";
				INFOPLIST_KEY_UISupportedInterfaceOrientations_iPhone = "UIInterfaceOrientationPortrait UIInterfaceOrientationLandscapeLeft UIInterfaceOrientationLandscapeRight";
				LD_RUNPATH_SEARCH_PATHS = (
					"$(inherited)",
					"@executable_path/Frameworks",
				);
				MARKETING_VERSION = 1.0;
				PRODUCT_BUNDLE_IDENTIFIER = "aaron.huang.crypto-app";
				PRODUCT_NAME = "$(TARGET_NAME)";
				SWIFT_EMIT_LOC_STRINGS = YES;
				SWIFT_VERSION = 5.0;
				TARGETED_DEVICE_FAMILY = "1,2";
			};
			name = Release;
		};
		93978C3C2C774E110070F3D4 /* Debug */ = {
			isa = XCBuildConfiguration;
			buildSettings = {
				ALWAYS_EMBED_SWIFT_STANDARD_LIBRARIES = YES;
				BUNDLE_LOADER = "$(TEST_HOST)";
				CODE_SIGN_STYLE = Automatic;
				CURRENT_PROJECT_VERSION = 1;
				DEVELOPMENT_TEAM = 62AMN3F46R;
				GENERATE_INFOPLIST_FILE = YES;
				IPHONEOS_DEPLOYMENT_TARGET = 17.5;
				MARKETING_VERSION = 1.0;
				PRODUCT_BUNDLE_IDENTIFIER = "aaron.huang.crypto-appTests";
				PRODUCT_NAME = "$(TARGET_NAME)";
				SWIFT_EMIT_LOC_STRINGS = NO;
				SWIFT_VERSION = 5.0;
				TARGETED_DEVICE_FAMILY = "1,2";
				TEST_HOST = "$(BUILT_PRODUCTS_DIR)/crypto-app.app/$(BUNDLE_EXECUTABLE_FOLDER_PATH)/crypto-app";
			};
			name = Debug;
		};
		93978C3D2C774E110070F3D4 /* Release */ = {
			isa = XCBuildConfiguration;
			buildSettings = {
				ALWAYS_EMBED_SWIFT_STANDARD_LIBRARIES = YES;
				BUNDLE_LOADER = "$(TEST_HOST)";
				CODE_SIGN_STYLE = Automatic;
				CURRENT_PROJECT_VERSION = 1;
				DEVELOPMENT_TEAM = 62AMN3F46R;
				GENERATE_INFOPLIST_FILE = YES;
				IPHONEOS_DEPLOYMENT_TARGET = 17.5;
				MARKETING_VERSION = 1.0;
				PRODUCT_BUNDLE_IDENTIFIER = "aaron.huang.crypto-appTests";
				PRODUCT_NAME = "$(TARGET_NAME)";
				SWIFT_EMIT_LOC_STRINGS = NO;
				SWIFT_VERSION = 5.0;
				TARGETED_DEVICE_FAMILY = "1,2";
				TEST_HOST = "$(BUILT_PRODUCTS_DIR)/crypto-app.app/$(BUNDLE_EXECUTABLE_FOLDER_PATH)/crypto-app";
			};
			name = Release;
		};
		93978C3F2C774E110070F3D4 /* Debug */ = {
			isa = XCBuildConfiguration;
			buildSettings = {
				ALWAYS_EMBED_SWIFT_STANDARD_LIBRARIES = YES;
				CODE_SIGN_STYLE = Automatic;
				CURRENT_PROJECT_VERSION = 1;
				DEVELOPMENT_TEAM = 62AMN3F46R;
				GENERATE_INFOPLIST_FILE = YES;
				MARKETING_VERSION = 1.0;
				PRODUCT_BUNDLE_IDENTIFIER = "aaron.huang.crypto-appUITests";
				PRODUCT_NAME = "$(TARGET_NAME)";
				SWIFT_EMIT_LOC_STRINGS = NO;
				SWIFT_VERSION = 5.0;
				TARGETED_DEVICE_FAMILY = "1,2";
				TEST_TARGET_NAME = "crypto-app";
			};
			name = Debug;
		};
		93978C402C774E110070F3D4 /* Release */ = {
			isa = XCBuildConfiguration;
			buildSettings = {
				ALWAYS_EMBED_SWIFT_STANDARD_LIBRARIES = YES;
				CODE_SIGN_STYLE = Automatic;
				CURRENT_PROJECT_VERSION = 1;
				DEVELOPMENT_TEAM = 62AMN3F46R;
				GENERATE_INFOPLIST_FILE = YES;
				MARKETING_VERSION = 1.0;
				PRODUCT_BUNDLE_IDENTIFIER = "aaron.huang.crypto-appUITests";
				PRODUCT_NAME = "$(TARGET_NAME)";
				SWIFT_EMIT_LOC_STRINGS = NO;
				SWIFT_VERSION = 5.0;
				TARGETED_DEVICE_FAMILY = "1,2";
				TEST_TARGET_NAME = "crypto-app";
			};
			name = Release;
		};
/* End XCBuildConfiguration section */

/* Begin XCConfigurationList section */
		93978C0F2C774E110070F3D4 /* Build configuration list for PBXProject "crypto-app" */ = {
			isa = XCConfigurationList;
			buildConfigurations = (
				93978C362C774E110070F3D4 /* Debug */,
				93978C372C774E110070F3D4 /* Release */,
			);
			defaultConfigurationIsVisible = 0;
			defaultConfigurationName = Release;
		};
		93978C382C774E110070F3D4 /* Build configuration list for PBXNativeTarget "crypto-app" */ = {
			isa = XCConfigurationList;
			buildConfigurations = (
				93978C392C774E110070F3D4 /* Debug */,
				93978C3A2C774E110070F3D4 /* Release */,
			);
			defaultConfigurationIsVisible = 0;
			defaultConfigurationName = Release;
		};
		93978C3B2C774E110070F3D4 /* Build configuration list for PBXNativeTarget "crypto-appTests" */ = {
			isa = XCConfigurationList;
			buildConfigurations = (
				93978C3C2C774E110070F3D4 /* Debug */,
				93978C3D2C774E110070F3D4 /* Release */,
			);
			defaultConfigurationIsVisible = 0;
			defaultConfigurationName = Release;
		};
		93978C3E2C774E110070F3D4 /* Build configuration list for PBXNativeTarget "crypto-appUITests" */ = {
			isa = XCConfigurationList;
			buildConfigurations = (
				93978C3F2C774E110070F3D4 /* Debug */,
				93978C402C774E110070F3D4 /* Release */,
			);
			defaultConfigurationIsVisible = 0;
			defaultConfigurationName = Release;
		};
/* End XCConfigurationList section */
	};
	rootObject = 93978C0C2C774E110070F3D4 /* Project object */;
}
